[{<<"any">>,
  {git,"https://github.com/shortishly/any.git",
       {ref,"4f477510226e22bed7ed855b2deb3a62113514a9"}},
  0},
 {<<"backoff">>,
  {git,"https://github.com/ferd/backoff",
       {ref,"dfb19a20c37b73af067edc3c335624bdf9517396"}},
  0},
 {<<"envy">>,
  {git,"https://github.com/shortishly/envy.git",
       {ref,"19db3c954d30621a20cea6ee6ed0628ba01854fb"}},
  0},
 {<<"phrase">>,
  {git,"https://github.com/shortishly/phrase.git",
       {ref,"6f90aa6f0a7a3a484fee88f2d1f713a91d727d8f"}},
  0},
 {<<"recon">>,
  {git,"https://github.com/ferd/recon",
       {ref,"b80be93b072e5cf195dbe28046b1bb79f2c772cc"}},
  0},
 {<<"telemetry">>,
  {git,"https://github.com/beam-telemetry/telemetry.git",
       {ref,"deab9ae2b90242d031466030fb4c83bb5fc559f5"}},
  0}].
